
Microsoft Visual Studio Solution File, Format Version 12.00
# Visual Studio Version 17
VisualStudioVersion = 17.8.34309.116
MinimumVisualStudioVersion = 10.0.40219.1
Project("{FAE04EC0-301F-11D3-BF4B-00C04F79EFBC}") = "TestPWA", "TestPWA\TestPWA.csproj", "{22F14036-F86E-4ABC-A61D-341F3B2499D6}"
EndProject
Global
	GlobalSection(SolutionConfigurationPlatforms) = preSolution
		Debug|Any CPU = Debug|Any CPU
		Release|Any CPU = Release|Any CPU
	EndGlobalSection
	GlobalSection(ProjectConfigurationPlatforms) = postSolution
		{22F14036-F86E-4ABC-A61D-341F3B2499D6}.Debug|Any CPU.ActiveCfg = Debug|Any CPU
		{22F14036-F86E-4ABC-A61D-341F3B2499D6}.Debug|Any CPU.Build.0 = Debug|Any CPU
		{22F14036-F86E-4ABC-A61D-341F3B2499D6}.Release|Any CPU.ActiveCfg = Release|Any CPU
		{22F14036-F86E-4ABC-A61D-341F3B2499D6}.Release|Any CPU.Build.0 = Release|Any CPU
	EndGlobalSection
	GlobalSection(SolutionProperties) = preSolution
		HideSolutionNode = FALSE
	EndGlobalSection
	GlobalSection(ExtensibilityGlobals) = postSolution
		SolutionGuid = {A805B835-51B0-4EF4-B268-4AABB487209E}
	EndGlobalSection
EndGlobal
